
Microsoft Visual Studio Solution File, Format Version 12.00
# Visual Studio Version 17
VisualStudioVersion = 17.0.32126.317
MinimumVisualStudioVersion = 10.0.40219.1
Project("{FAE04EC0-301F-11D3-BF4B-00C04F79EFBC}") = "PortalUnab", "PortalUnab\PortalUnab.csproj", "{621BFAD6-EB5D-4D8D-A150-D7B8C46809FA}"
EndProject
Global
	GlobalSection(SolutionConfigurationPlatforms) = preSolution
		Debug|Any CPU = Debug|Any CPU
		Release|Any CPU = Release|Any CPU
	EndGlobalSection
	GlobalSection(ProjectConfigurationPlatforms) = postSolution
		{621BFAD6-EB5D-4D8D-A150-D7B8C46809FA}.Debug|Any CPU.ActiveCfg = Debug|Any CPU
		{621BFAD6-EB5D-4D8D-A150-D7B8C46809FA}.Debug|Any CPU.Build.0 = Debug|Any CPU
		{621BFAD6-EB5D-4D8D-A150-D7B8C46809FA}.Release|Any CPU.ActiveCfg = Release|Any CPU
		{621BFAD6-EB5D-4D8D-A150-D7B8C46809FA}.Release|Any CPU.Build.0 = Release|Any CPU
	EndGlobalSection
	GlobalSection(SolutionProperties) = preSolution
		HideSolutionNode = FALSE
	EndGlobalSection
	GlobalSection(ExtensibilityGlobals) = postSolution
		SolutionGuid = {B75F095D-71D6-4E6A-A953-97740E91774F}
	EndGlobalSection
EndGlobal
